
Microsoft Visual Studio Solution File, Format Version 12.00
# Visual Studio Version 16
VisualStudioVersion = 16.0.29728.190
MinimumVisualStudioVersion = 10.0.40219.1
Project("{2150E333-8FDC-42A3-9474-1A3956D46DE8}") = "MTT.IdentityServer", "MTT.IdentityServer", "{F43851EE-C219-4B40-B97D-21A41A9E0C41}"
EndProject
Project("{9A19103F-16F7-4668-BE54-9A1E7A4F7556}") = "MTT.IdentityServer.API", "MTT.IdentityServer.API\MTT.IdentityServer.API.csproj", "{51F85B65-DF42-4923-800E-BC29D7657870}"
EndProject
Project("{2150E333-8FDC-42A3-9474-1A3956D46DE8}") = "1.0.API", "1.0.API", "{B8526A01-831E-4031-8EE6-BC2D33ADDD6D}"
EndProject
Project("{2150E333-8FDC-42A3-9474-1A3956D46DE8}") = "4.0.Infrastructure", "4.0.Infrastructure", "{8AD5EB65-D0D3-4F6C-A735-39D6FD5FEB8E}"
EndProject
Project("{2150E333-8FDC-42A3-9474-1A3956D46DE8}") = "3.0.Service", "3.0.Service", "{D88ECAE5-D1EF-4C1F-87FD-FFB38A5AFA33}"
EndProject
Project("{9A19103F-16F7-4668-BE54-9A1E7A4F7556}") = "MTT.IdentityServer.Service", "MTT.IdentityServer.Service\MTT.IdentityServer.Service.csproj", "{000B3E79-F209-424E-A589-AFCDA118D7F6}"
EndProject
Project("{2150E333-8FDC-42A3-9474-1A3956D46DE8}") = "2.0.Application", "2.0.Application", "{F43EADC8-CAEC-4AF6-98A4-4D6DBABD8C79}"
EndProject
Project("{9A19103F-16F7-4668-BE54-9A1E7A4F7556}") = "MTT.IdentityServer.Application", "MTT.IdentityServer.Application\MTT.IdentityServer.Application.csproj", "{83F59357-3F52-4D61-9250-27B09BCC3DEE}"
EndProject
Project("{2150E333-8FDC-42A3-9474-1A3956D46DE8}") = "MTT.Application", "MTT.Application", "{F21BA2C7-4B4E-45E2-9F4E-41DFDC582667}"
EndProject
Project("{FAE04EC0-301F-11D3-BF4B-00C04F79EFBC}") = "MTT.Application.Presentation.API", "MTT.Application.Presentation.API\MTT.Application.Presentation.API.csproj", "{1B72790E-CD42-48A9-86BD-1ACECBE3473C}"
EndProject
Project("{2150E333-8FDC-42A3-9474-1A3956D46DE8}") = "1.0.API", "1.0.API", "{B2E1EAC0-869F-4ABA-805A-3994848B85C6}"
EndProject
Project("{2150E333-8FDC-42A3-9474-1A3956D46DE8}") = "2.0.Application", "2.0.Application", "{34A6B391-5928-4543-AD9B-4A4409C442B1}"
EndProject
Project("{2150E333-8FDC-42A3-9474-1A3956D46DE8}") = "3.0.Service", "3.0.Service", "{FCE23457-1911-406B-A77F-6031A83C8BED}"
EndProject
Project("{2150E333-8FDC-42A3-9474-1A3956D46DE8}") = "4.0.Infrastructure", "4.0.Infrastructure", "{74E38587-2DC2-47E9-8D67-4126CA72F8C0}"
EndProject
Global
	GlobalSection(SolutionConfigurationPlatforms) = preSolution
		Debug|Any CPU = Debug|Any CPU
		Release|Any CPU = Release|Any CPU
	EndGlobalSection
	GlobalSection(ProjectConfigurationPlatforms) = postSolution
		{51F85B65-DF42-4923-800E-BC29D7657870}.Debug|Any CPU.ActiveCfg = Debug|Any CPU
		{51F85B65-DF42-4923-800E-BC29D7657870}.Debug|Any CPU.Build.0 = Debug|Any CPU
		{51F85B65-DF42-4923-800E-BC29D7657870}.Release|Any CPU.ActiveCfg = Release|Any CPU
		{51F85B65-DF42-4923-800E-BC29D7657870}.Release|Any CPU.Build.0 = Release|Any CPU
		{000B3E79-F209-424E-A589-AFCDA118D7F6}.Debug|Any CPU.ActiveCfg = Debug|Any CPU
		{000B3E79-F209-424E-A589-AFCDA118D7F6}.Debug|Any CPU.Build.0 = Debug|Any CPU
		{000B3E79-F209-424E-A589-AFCDA118D7F6}.Release|Any CPU.ActiveCfg = Release|Any CPU
		{000B3E79-F209-424E-A589-AFCDA118D7F6}.Release|Any CPU.Build.0 = Release|Any CPU
		{83F59357-3F52-4D61-9250-27B09BCC3DEE}.Debug|Any CPU.ActiveCfg = Debug|Any CPU
		{83F59357-3F52-4D61-9250-27B09BCC3DEE}.Debug|Any CPU.Build.0 = Debug|Any CPU
		{83F59357-3F52-4D61-9250-27B09BCC3DEE}.Release|Any CPU.ActiveCfg = Release|Any CPU
		{83F59357-3F52-4D61-9250-27B09BCC3DEE}.Release|Any CPU.Build.0 = Release|Any CPU
		{1B72790E-CD42-48A9-86BD-1ACECBE3473C}.Debug|Any CPU.ActiveCfg = Debug|Any CPU
		{1B72790E-CD42-48A9-86BD-1ACECBE3473C}.Debug|Any CPU.Build.0 = Debug|Any CPU
		{1B72790E-CD42-48A9-86BD-1ACECBE3473C}.Release|Any CPU.ActiveCfg = Release|Any CPU
		{1B72790E-CD42-48A9-86BD-1ACECBE3473C}.Release|Any CPU.Build.0 = Release|Any CPU
	EndGlobalSection
	GlobalSection(SolutionProperties) = preSolution
		HideSolutionNode = FALSE
	EndGlobalSection
	GlobalSection(NestedProjects) = preSolution
		{51F85B65-DF42-4923-800E-BC29D7657870} = {B8526A01-831E-4031-8EE6-BC2D33ADDD6D}
		{B8526A01-831E-4031-8EE6-BC2D33ADDD6D} = {F43851EE-C219-4B40-B97D-21A41A9E0C41}
		{8AD5EB65-D0D3-4F6C-A735-39D6FD5FEB8E} = {F43851EE-C219-4B40-B97D-21A41A9E0C41}
		{D88ECAE5-D1EF-4C1F-87FD-FFB38A5AFA33} = {F43851EE-C219-4B40-B97D-21A41A9E0C41}
		{000B3E79-F209-424E-A589-AFCDA118D7F6} = {D88ECAE5-D1EF-4C1F-87FD-FFB38A5AFA33}
		{F43EADC8-CAEC-4AF6-98A4-4D6DBABD8C79} = {F43851EE-C219-4B40-B97D-21A41A9E0C41}
		{83F59357-3F52-4D61-9250-27B09BCC3DEE} = {F43EADC8-CAEC-4AF6-98A4-4D6DBABD8C79}
		{1B72790E-CD42-48A9-86BD-1ACECBE3473C} = {B2E1EAC0-869F-4ABA-805A-3994848B85C6}
		{B2E1EAC0-869F-4ABA-805A-3994848B85C6} = {F21BA2C7-4B4E-45E2-9F4E-41DFDC582667}
		{34A6B391-5928-4543-AD9B-4A4409C442B1} = {F21BA2C7-4B4E-45E2-9F4E-41DFDC582667}
		{FCE23457-1911-406B-A77F-6031A83C8BED} = {F21BA2C7-4B4E-45E2-9F4E-41DFDC582667}
		{74E38587-2DC2-47E9-8D67-4126CA72F8C0} = {F21BA2C7-4B4E-45E2-9F4E-41DFDC582667}
	EndGlobalSection
	GlobalSection(ExtensibilityGlobals) = postSolution
		SolutionGuid = {0631709F-9FC8-4609-9B1B-563C22885231}
	EndGlobalSection
EndGlobal
